
Microsoft Visual Studio Solution File, Format Version 12.00
# Visual Studio Version 17
VisualStudioVersion = 17.9.34714.143
MinimumVisualStudioVersion = 10.0.40219.1
Project("{FAE04EC0-301F-11D3-BF4B-00C04F79EFBC}") = "HelloWorld.Api", "src\HelloWorld.Api\HelloWorld.Api.csproj", "{04D500BF-6BCB-4F4D-9798-81A66B2A74CD}"
EndProject
Global
	GlobalSection(SolutionConfigurationPlatforms) = preSolution
		Debug|Any CPU = Debug|Any CPU
		Release|Any CPU = Release|Any CPU
	EndGlobalSection
	GlobalSection(ProjectConfigurationPlatforms) = postSolution
		{04D500BF-6BCB-4F4D-9798-81A66B2A74CD}.Debug|Any CPU.ActiveCfg = Debug|Any CPU
		{04D500BF-6BCB-4F4D-9798-81A66B2A74CD}.Debug|Any CPU.Build.0 = Debug|Any CPU
		{04D500BF-6BCB-4F4D-9798-81A66B2A74CD}.Release|Any CPU.ActiveCfg = Release|Any CPU
		{04D500BF-6BCB-4F4D-9798-81A66B2A74CD}.Release|Any CPU.Build.0 = Release|Any CPU
	EndGlobalSection
	GlobalSection(SolutionProperties) = preSolution
		HideSolutionNode = FALSE
	EndGlobalSection
	GlobalSection(ExtensibilityGlobals) = postSolution
		SolutionGuid = {C14DF92C-8332-45C6-B05F-241B590C0C2E}
	EndGlobalSection
EndGlobal
